
Microsoft Visual Studio Solution File, Format Version 12.00
# Visual Studio Version 16
VisualStudioVersion = 16.0.30204.135
MinimumVisualStudioVersion = 10.0.40219.1
Project("{FAE04EC0-301F-11D3-BF4B-00C04F79EFBC}") = "MvcOkulYS", "MvcOkulYS.csproj", "{782178B9-83C8-40C2-B872-782F9CCF7593}"
EndProject
Global
	GlobalSection(SolutionConfigurationPlatforms) = preSolution
		Debug|Any CPU = Debug|Any CPU
		Release|Any CPU = Release|Any CPU
	EndGlobalSection
	GlobalSection(ProjectConfigurationPlatforms) = postSolution
		{782178B9-83C8-40C2-B872-782F9CCF7593}.Debug|Any CPU.ActiveCfg = Debug|Any CPU
		{782178B9-83C8-40C2-B872-782F9CCF7593}.Debug|Any CPU.Build.0 = Debug|Any CPU
		{782178B9-83C8-40C2-B872-782F9CCF7593}.Release|Any CPU.ActiveCfg = Release|Any CPU
		{782178B9-83C8-40C2-B872-782F9CCF7593}.Release|Any CPU.Build.0 = Release|Any CPU
	EndGlobalSection
	GlobalSection(SolutionProperties) = preSolution
		HideSolutionNode = FALSE
	EndGlobalSection
	GlobalSection(ExtensibilityGlobals) = postSolution
		SolutionGuid = {A4475F95-2E73-46D0-8EC3-4FF4E776E23F}
	EndGlobalSection
EndGlobal
